
Microsoft Visual Studio Solution File, Format Version 12.00
# Visual Studio 15
VisualStudioVersion = 15.0.28010.2046
MinimumVisualStudioVersion = 10.0.40219.1
Project("{8BC9CEB8-8B4A-11D0-8D11-00A0C91BC942}") = "game1", "game1\game1.vcxproj", "{5A02837A-A609-42A9-9B89-690BCC7CE17E}"
EndProject
Global
	GlobalSection(SolutionConfigurationPlatforms) = preSolution
		Debug|x64 = Debug|x64
		Debug|x86 = Debug|x86
		Release|x64 = Release|x64
		Release|x86 = Release|x86
	EndGlobalSection
	GlobalSection(ProjectConfigurationPlatforms) = postSolution
		{5A02837A-A609-42A9-9B89-690BCC7CE17E}.Debug|x64.ActiveCfg = Debug|x64
		{5A02837A-A609-42A9-9B89-690BCC7CE17E}.Debug|x64.Build.0 = Debug|x64
		{5A02837A-A609-42A9-9B89-690BCC7CE17E}.Debug|x86.ActiveCfg = Debug|Win32
		{5A02837A-A609-42A9-9B89-690BCC7CE17E}.Debug|x86.Build.0 = Debug|Win32
		{5A02837A-A609-42A9-9B89-690BCC7CE17E}.Release|x64.ActiveCfg = Release|x64
		{5A02837A-A609-42A9-9B89-690BCC7CE17E}.Release|x64.Build.0 = Release|x64
		{5A02837A-A609-42A9-9B89-690BCC7CE17E}.Release|x86.ActiveCfg = Release|Win32
		{5A02837A-A609-42A9-9B89-690BCC7CE17E}.Release|x86.Build.0 = Release|Win32
	EndGlobalSection
	GlobalSection(SolutionProperties) = preSolution
		HideSolutionNode = FALSE
	EndGlobalSection
	GlobalSection(ExtensibilityGlobals) = postSolution
		SolutionGuid = {A37BCE40-E403-4D39-8ED8-B8C2DAE64274}
	EndGlobalSection
EndGlobal
