
Microsoft Visual Studio Solution File, Format Version 12.00
# Visual Studio 15
VisualStudioVersion = 15.0.28010.2046
MinimumVisualStudioVersion = 10.0.40219.1
Project("{8BC9CEB8-8B4A-11D0-8D11-00A0C91BC942}") = "C_practice_006", "C_practice_006\C_practice_006.vcxproj", "{6195CAB8-1A06-4209-A400-25914324979F}"
EndProject
Global
	GlobalSection(SolutionConfigurationPlatforms) = preSolution
		Debug|x64 = Debug|x64
		Debug|x86 = Debug|x86
		Release|x64 = Release|x64
		Release|x86 = Release|x86
	EndGlobalSection
	GlobalSection(ProjectConfigurationPlatforms) = postSolution
		{6195CAB8-1A06-4209-A400-25914324979F}.Debug|x64.ActiveCfg = Debug|x64
		{6195CAB8-1A06-4209-A400-25914324979F}.Debug|x64.Build.0 = Debug|x64
		{6195CAB8-1A06-4209-A400-25914324979F}.Debug|x86.ActiveCfg = Debug|Win32
		{6195CAB8-1A06-4209-A400-25914324979F}.Debug|x86.Build.0 = Debug|Win32
		{6195CAB8-1A06-4209-A400-25914324979F}.Release|x64.ActiveCfg = Release|x64
		{6195CAB8-1A06-4209-A400-25914324979F}.Release|x64.Build.0 = Release|x64
		{6195CAB8-1A06-4209-A400-25914324979F}.Release|x86.ActiveCfg = Release|Win32
		{6195CAB8-1A06-4209-A400-25914324979F}.Release|x86.Build.0 = Release|Win32
	EndGlobalSection
	GlobalSection(SolutionProperties) = preSolution
		HideSolutionNode = FALSE
	EndGlobalSection
	GlobalSection(ExtensibilityGlobals) = postSolution
		SolutionGuid = {AD2979B6-B417-4DAF-991C-4466BBA31EA8}
	EndGlobalSection
EndGlobal
